hash: d7ec4a237d47e3e5f7e5c6ac495c77cd0786b2c97818b874aa51c7decae47575
updated: 2020-06-03T00:10:17.341968232+08:00
imports:
- name: github.com/google/uuid
  version: 064e2069ce9c359c118179501254f67d7d37ba24
- name: github.com/urfave/cli
  version: cfb38830724cc34fedffe9a2a29fb54fa9169cd1
testImports: []
